
Microsoft Visual Studio Solution File, Format Version 12.00
# Visual Studio 2013
VisualStudioVersion = 12.0.30110.0
MinimumVisualStudioVersion = 10.0.40219.1
Project("{2150E333-8FDC-42A3-9474-1A3956D46DE8}") = "Frontend", "Frontend", "{F39B50E2-4A8C-4C81-8521-A8EEC7D773FD}"
EndProject
Project("{2150E333-8FDC-42A3-9474-1A3956D46DE8}") = "Backend", "Backend", "{F42048D4-4CC9-44B2-9998-B1476FED6D03}"
EndProject
Project("{FAE04EC0-301F-11D3-BF4B-00C04F79EFBC}") = "ScoreApp.UI", "Frontend\ScoreApp.UI\ScoreApp.UI.csproj", "{ABF31D82-9131-4DD6-AD4C-B88DF7FA28D3}"
EndProject
Global
	GlobalSection(SolutionConfigurationPlatforms) = preSolution
		Debug|Any CPU = Debug|Any CPU
		Release|Any CPU = Release|Any CPU
	EndGlobalSection
	GlobalSection(ProjectConfigurationPlatforms) = postSolution
		{ABF31D82-9131-4DD6-AD4C-B88DF7FA28D3}.Debug|Any CPU.ActiveCfg = Debug|Any CPU
		{ABF31D82-9131-4DD6-AD4C-B88DF7FA28D3}.Debug|Any CPU.Build.0 = Debug|Any CPU
		{ABF31D82-9131-4DD6-AD4C-B88DF7FA28D3}.Release|Any CPU.ActiveCfg = Release|Any CPU
		{ABF31D82-9131-4DD6-AD4C-B88DF7FA28D3}.Release|Any CPU.Build.0 = Release|Any CPU
	EndGlobalSection
	GlobalSection(SolutionProperties) = preSolution
		HideSolutionNode = FALSE
	EndGlobalSection
	GlobalSection(NestedProjects) = preSolution
		{ABF31D82-9131-4DD6-AD4C-B88DF7FA28D3} = {F39B50E2-4A8C-4C81-8521-A8EEC7D773FD}
	EndGlobalSection
EndGlobal
